
Microsoft Visual Studio Solution File, Format Version 12.00
# Visual Studio Version 17
VisualStudioVersion = 17.14.36616.10 d17.14
MinimumVisualStudioVersion = 10.0.40219.1
Project("{FAE04EC0-301F-11D3-BF4B-00C04F79EFBC}") = "SignatureVaultAPI", "SignatureVaultAPI\SignatureVaultAPI.csproj", "{5F10D2D4-434F-4B8D-B916-F22C5202AD93}"
EndProject
Global
	GlobalSection(SolutionConfigurationPlatforms) = preSolution
		Debug|Any CPU = Debug|Any CPU
		Release|Any CPU = Release|Any CPU
	EndGlobalSection
	GlobalSection(ProjectConfigurationPlatforms) = postSolution
		{5F10D2D4-434F-4B8D-B916-F22C5202AD93}.Debug|Any CPU.ActiveCfg = Debug|Any CPU
		{5F10D2D4-434F-4B8D-B916-F22C5202AD93}.Debug|Any CPU.Build.0 = Debug|Any CPU
		{5F10D2D4-434F-4B8D-B916-F22C5202AD93}.Release|Any CPU.ActiveCfg = Release|Any CPU
		{5F10D2D4-434F-4B8D-B916-F22C5202AD93}.Release|Any CPU.Build.0 = Release|Any CPU
	EndGlobalSection
	GlobalSection(SolutionProperties) = preSolution
		HideSolutionNode = FALSE
	EndGlobalSection
	GlobalSection(ExtensibilityGlobals) = postSolution
		SolutionGuid = {14AAE585-42FB-4EB5-9EE6-50CBB38A3734}
	EndGlobalSection
EndGlobal
